
Microsoft Visual Studio Solution File, Format Version 12.00
# Visual Studio 2012
Project("{8BC9CEB8-8B4A-11D0-8D11-00A0C91BC942}") = "CareerCup-Codes", "CareerCup-Codes\CareerCup-Codes.vcxproj", "{1380A46A-0F17-423A-A78C-913BFFFF2572}"
EndProject
Global
	GlobalSection(SubversionScc) = preSolution
		Svn-Managed = True
		Manager = AnkhSVN - Subversion Support for Visual Studio
	EndGlobalSection
	GlobalSection(SolutionConfigurationPlatforms) = preSolution
		Debug|Win32 = Debug|Win32
		Release|Win32 = Release|Win32
	EndGlobalSection
	GlobalSection(ProjectConfigurationPlatforms) = postSolution
		{1380A46A-0F17-423A-A78C-913BFFFF2572}.Debug|Win32.ActiveCfg = Debug|Win32
		{1380A46A-0F17-423A-A78C-913BFFFF2572}.Debug|Win32.Build.0 = Debug|Win32
		{1380A46A-0F17-423A-A78C-913BFFFF2572}.Release|Win32.ActiveCfg = Release|Win32
		{1380A46A-0F17-423A-A78C-913BFFFF2572}.Release|Win32.Build.0 = Release|Win32
	EndGlobalSection
	GlobalSection(SolutionProperties) = preSolution
		HideSolutionNode = FALSE
	EndGlobalSection
EndGlobal
